
Microsoft Visual Studio Solution File, Format Version 12.00
# Visual Studio Version 17
VisualStudioVersion = 17.1.32328.378
MinimumVisualStudioVersion = 10.0.40219.1
Project("{FAE04EC0-301F-11D3-BF4B-00C04F79EFBC}") = "WorkScheduleSolution", "WorkScheduleSolution.csproj", "{5E160CAC-E9D5-474B-967A-84A5C695760A}"
EndProject
Global
	GlobalSection(SolutionConfigurationPlatforms) = preSolution
		Debug|Any CPU = Debug|Any CPU
		Release|Any CPU = Release|Any CPU
	EndGlobalSection
	GlobalSection(ProjectConfigurationPlatforms) = postSolution
		{5E160CAC-E9D5-474B-967A-84A5C695760A}.Debug|Any CPU.ActiveCfg = Debug|Any CPU
		{5E160CAC-E9D5-474B-967A-84A5C695760A}.Debug|Any CPU.Build.0 = Debug|Any CPU
		{5E160CAC-E9D5-474B-967A-84A5C695760A}.Release|Any CPU.ActiveCfg = Release|Any CPU
		{5E160CAC-E9D5-474B-967A-84A5C695760A}.Release|Any CPU.Build.0 = Release|Any CPU
	EndGlobalSection
	GlobalSection(SolutionProperties) = preSolution
		HideSolutionNode = FALSE
	EndGlobalSection
	GlobalSection(ExtensibilityGlobals) = postSolution
		SolutionGuid = {A621F650-5632-4EC5-AFA7-94D564108D56}
	EndGlobalSection
EndGlobal
